
Microsoft Visual Studio Solution File, Format Version 12.00
# Visual Studio Version 17
VisualStudioVersion = 17.4.33403.182
MinimumVisualStudioVersion = 10.0.40219.1
Project("{FAE04EC0-301F-11D3-BF4B-00C04F79EFBC}") = "OabIpay-Console", "OabIpay-Console.csproj", "{6C382CAE-A10E-4C4E-A49A-7C6670D7B947}"
EndProject
Global
	GlobalSection(SolutionConfigurationPlatforms) = preSolution
		Debug|Any CPU = Debug|Any CPU
		Release|Any CPU = Release|Any CPU
	EndGlobalSection
	GlobalSection(ProjectConfigurationPlatforms) = postSolution
		{6C382CAE-A10E-4C4E-A49A-7C6670D7B947}.Debug|Any CPU.ActiveCfg = Debug|Any CPU
		{6C382CAE-A10E-4C4E-A49A-7C6670D7B947}.Debug|Any CPU.Build.0 = Debug|Any CPU
		{6C382CAE-A10E-4C4E-A49A-7C6670D7B947}.Release|Any CPU.ActiveCfg = Release|Any CPU
		{6C382CAE-A10E-4C4E-A49A-7C6670D7B947}.Release|Any CPU.Build.0 = Release|Any CPU
	EndGlobalSection
	GlobalSection(SolutionProperties) = preSolution
		HideSolutionNode = FALSE
	EndGlobalSection
	GlobalSection(ExtensibilityGlobals) = postSolution
		SolutionGuid = {9CCD6EFF-30D0-4D47-B670-4E8EA741241C}
	EndGlobalSection
EndGlobal
